// !$*UTF8*$!
{
	archiveVersion = 1;
	classes = {
	};
	objectVersion = 46;
	objects = {

/* Begin PBXBuildFile section */
		1E91343512F50E8D6CFB2512 /* libPods-SeptBaisi.a in Frameworks */ = {isa = PBXBuildFile; fileRef = 1F7C50380F2859661CA14C18 /* libPods-SeptBaisi.a */; };
		846568041CA581C600C61CFA /* main.m in Sources */ = {isa = PBXBuildFile; fileRef = 846568031CA581C600C61CFA /* main.m */; };
		846568071CA581C600C61CFA /* AppDelegate.m in Sources */ = {isa = PBXBuildFile; fileRef = 846568061CA581C600C61CFA /* AppDelegate.m */; };
		8465680F1CA581C600C61CFA /* Assets.xcassets in Resources */ = {isa = PBXBuildFile; fileRef = 8465680E1CA581C600C61CFA /* Assets.xcassets */; };
		8465681D1CA581C600C61CFA /* SeptBaisiTests.m in Sources */ = {isa = PBXBuildFile; fileRef = 8465681C1CA581C600C61CFA /* SeptBaisiTests.m */; };
		846568281CA581C600C61CFA /* SeptBaisiUITests.m in Sources */ = {isa = PBXBuildFile; fileRef = 846568271CA581C600C61CFA /* SeptBaisiUITests.m */; };
		847654B01D1986D900987D53 /* JYAttentionController.m in Sources */ = {isa = PBXBuildFile; fileRef = 847654AF1D1986D900987D53 /* JYAttentionController.m */; };
		847FD59E1D4267DC00AFF8ED /* JYLoginController.m in Sources */ = {isa = PBXBuildFile; fileRef = 847FD59C1D4267DC00AFF8ED /* JYLoginController.m */; };
		847FD59F1D4267DC00AFF8ED /* JYLoginController.xib in Resources */ = {isa = PBXBuildFile; fileRef = 847FD59D1D4267DC00AFF8ED /* JYLoginController.xib */; };
		849558A11D2002C9002252B0 /* JYRecommendUsers.m in Sources */ = {isa = PBXBuildFile; fileRef = 849558A01D2002C9002252B0 /* JYRecommendUsers.m */; };
		849558AB1D20040F002252B0 /* JYRightUsersCell.m in Sources */ = {isa = PBXBuildFile; fileRef = 849558A91D20040F002252B0 /* JYRightUsersCell.m */; };
		849558AC1D20040F002252B0 /* JYRightUsersCell.xib in Resources */ = {isa = PBXBuildFile; fileRef = 849558AA1D20040F002252B0 /* JYRightUsersCell.xib */; };
		8497F98E1CA7FD4C002AD93F /* JYMainController.m in Sources */ = {isa = PBXBuildFile; fileRef = 8497F98D1CA7FD4C002AD93F /* JYMainController.m */; };
		8497F9911CA7FD90002AD93F /* JYEsenceController.m in Sources */ = {isa = PBXBuildFile; fileRef = 8497F9901CA7FD90002AD93F /* JYEsenceController.m */; };
		8497F9941CA7FDB6002AD93F /* JYFriendController.m in Sources */ = {isa = PBXBuildFile; fileRef = 8497F9931CA7FDB6002AD93F /* JYFriendController.m */; };
		8497F9971CA7FDC4002AD93F /* JYMeController.m in Sources */ = {isa = PBXBuildFile; fileRef = 8497F9961CA7FDC4002AD93F /* JYMeController.m */; };
		8497F99A1CA7FDD1002AD93F /* JYNewController.m in Sources */ = {isa = PBXBuildFile; fileRef = 8497F9991CA7FDD1002AD93F /* JYNewController.m */; };
		8497F99D1CA7FE2B002AD93F /* JYTabBar.m in Sources */ = {isa = PBXBuildFile; fileRef = 8497F99C1CA7FE2B002AD93F /* JYTabBar.m */; };
		8497F9A01CA7FF1E002AD93F /* JYNavigationController.m in Sources */ = {isa = PBXBuildFile; fileRef = 8497F99F1CA7FF1E002AD93F /* JYNavigationController.m */; };
		8497F9A31CA80AC5002AD93F /* UIView+JYExtension.m in Sources */ = {isa = PBXBuildFile; fileRef = 8497F9A21CA80AC5002AD93F /* UIView+JYExtension.m */; };
		8497F9A71CA80E9B002AD93F /* UIBarButtonItem+JYExtension.m in Sources */ = {isa = PBXBuildFile; fileRef = 8497F9A61CA80E9B002AD93F /* UIBarButtonItem+JYExtension.m */; };
		8497F9A91CA8187B002AD93F /* JYFriendController.xib in Resources */ = {isa = PBXBuildFile; fileRef = 8497F9A81CA8187B002AD93F /* JYFriendController.xib */; };
		849B68681CB7FCE70054AF2F /* JYAttentionController.xib in Resources */ = {isa = PBXBuildFile; fileRef = 849B68671CB7FCE70054AF2F /* JYAttentionController.xib */; };
		849B686B1CB7FE330054AF2F /* JYLeftCatrogry.m in Sources */ = {isa = PBXBuildFile; fileRef = 849B686A1CB7FE330054AF2F /* JYLeftCatrogry.m */; };
		849B686F1CB7FFF70054AF2F /* JYAttentionCategoryCell.m in Sources */ = {isa = PBXBuildFile; fileRef = 849B686D1CB7FFF70054AF2F /* JYAttentionCategoryCell.m */; };
		849B68701CB7FFF70054AF2F /* JYAttentionCategoryCell.xib in Resources */ = {isa = PBXBuildFile; fileRef = 849B686E1CB7FFF70054AF2F /* JYAttentionCategoryCell.xib */; };
/* End PBXBuildFile section */

/* Begin PBXContainerItemProxy section */
		846568191CA581C600C61CFA /* PBXContainerItemProxy */ = {
			isa = PBXContainerItemProxy;
			containerPortal = 846567F71CA581C600C61CFA /* Project object */;
			proxyType = 1;
			remoteGlobalIDString = 846567FE1CA581C600C61CFA;
			remoteInfo = SeptBaisi;
		};
		846568241CA581C600C61CFA /* PBXContainerItemProxy */ = {
			isa = PBXContainerItemProxy;
			containerPortal = 846567F71CA581C600C61CFA /* Project object */;
			proxyType = 1;
			remoteGlobalIDString = 846567FE1CA581C600C61CFA;
			remoteInfo = SeptBaisi;
		};
/* End PBXContainerItemProxy section */

/* Begin PBXFileReference section */
		1F7C50380F2859661CA14C18 /* libPods-SeptBaisi.a */ = {isa = PBXFileReference; explicitFileType = archive.ar; includeInIndex = 0; path = "libPods-SeptBaisi.a"; sourceTree = BUILT_PRODUCTS_DIR; };
		2465E76674CF6F1BC026F2BA /* Pods-SeptBaisi.debug.xcconfig */ = {isa = PBXFileReference; includeInIndex = 1; lastKnownFileType = text.xcconfig; name = "Pods-SeptBaisi.debug.xcconfig"; path = "Pods/Target Support Files/Pods-SeptBaisi/Pods-SeptBaisi.debug.xcconfig"; sourceTree = "<group>"; };
		846567FF1CA581C600C61CFA /* SeptBaisi.app */ = {isa = PBXFileReference; explicitFileType = wrapper.application; includeInIndex = 0; path = SeptBaisi.app; sourceTree = BUILT_PRODUCTS_DIR; };
		846568031CA581C600C61CFA /* main.m */ = {isa = PBXFileReference; lastKnownFileType = sourcecode.c.objc; path = main.m; sourceTree = "<group>"; };
		846568051CA581C600C61CFA /* AppDelegate.h */ = {isa = PBXFileReference; lastKnownFileType = sourcecode.c.h; path = AppDelegate.h; sourceTree = "<group>"; };
		846568061CA581C600C61CFA /* AppDelegate.m */ = {isa = PBXFileReference; lastKnownFileType = sourcecode.c.objc; path = AppDelegate.m; sourceTree = "<group>"; };
		8465680E1CA581C600C61CFA /* Assets.xcassets */ = {isa = PBXFileReference; lastKnownFileType = folder.assetcatalog; path = Assets.xcassets; sourceTree = "<group>"; };
		846568131CA581C600C61CFA /* Info.plist */ = {isa = PBXFileReference; lastKnownFileType = text.plist.xml; path = Info.plist; sourceTree = "<group>"; };
		846568181CA581C600C61CFA /* SeptBaisiTests.xctest */ = {isa = PBXFileReference; explicitFileType = wrapper.cfbundle; includeInIndex = 0; path = SeptBaisiTests.xctest; sourceTree = BUILT_PRODUCTS_DIR; };
		8465681C1CA581C600C61CFA /* SeptBaisiTests.m */ = {isa = PBXFileReference; lastKnownFileType = sourcecode.c.objc; path = SeptBaisiTests.m; sourceTree = "<group>"; };
		8465681E1CA581C600C61CFA /* Info.plist */ = {isa = PBXFileReference; lastKnownFileType = text.plist.xml; path = Info.plist; sourceTree = "<group>"; };
		846568231CA581C600C61CFA /* SeptBaisiUITests.xctest */ = {isa = PBXFileReference; explicitFileType = wrapper.cfbundle; includeInIndex = 0; path = SeptBaisiUITests.xctest; sourceTree = BUILT_PRODUCTS_DIR; };
		846568271CA581C600C61CFA /* SeptBaisiUITests.m */ = {isa = PBXFileReference; lastKnownFileType = sourcecode.c.objc; path = SeptBaisiUITests.m; sourceTree = "<group>"; };
		846568291CA581C600C61CFA /* Info.plist */ = {isa = PBXFileReference; lastKnownFileType = text.plist.xml; path = Info.plist; sourceTree = "<group>"; };
		847654AF1D1986D900987D53 /* JYAttentionController.m */ = {isa = PBXFileReference; fileEncoding = 4; lastKnownFileType = sourcecode.c.objc; path = JYAttentionController.m; sourceTree = "<group>"; };
		847FD59B1D4267DC00AFF8ED /* JYLoginController.h */ = {isa = PBXFileReference; fileEncoding = 4; lastKnownFileType = sourcecode.c.h; path = JYLoginController.h; sourceTree = "<group>"; };
		847FD59C1D4267DC00AFF8ED /* JYLoginController.m */ = {isa = PBXFileReference; fileEncoding = 4; lastKnownFileType = sourcecode.c.objc; path = JYLoginController.m; sourceTree = "<group>"; };
		847FD59D1D4267DC00AFF8ED /* JYLoginController.xib */ = {isa = PBXFileReference; fileEncoding = 4; lastKnownFileType = file.xib; path = JYLoginController.xib; sourceTree = "<group>"; };
		8495589F1D2002C9002252B0 /* JYRecommendUsers.h */ = {isa = PBXFileReference; fileEncoding = 4; lastKnownFileType = sourcecode.c.h; path = JYRecommendUsers.h; sourceTree = "<group>"; };
		849558A01D2002C9002252B0 /* JYRecommendUsers.m */ = {isa = PBXFileReference; fileEncoding = 4; lastKnownFileType = sourcecode.c.objc; path = JYRecommendUsers.m; sourceTree = "<group>"; };
		849558A81D20040F002252B0 /* JYRightUsersCell.h */ = {isa = PBXFileReference; fileEncoding = 4; lastKnownFileType = sourcecode.c.h; path = JYRightUsersCell.h; sourceTree = "<group>"; };
		849558A91D20040F002252B0 /* JYRightUsersCell.m */ = {isa = PBXFileReference; fileEncoding = 4; lastKnownFileType = sourcecode.c.objc; path = JYRightUsersCell.m; sourceTree = "<group>"; };
		849558AA1D20040F002252B0 /* JYRightUsersCell.xib */ = {isa = PBXFileReference; fileEncoding = 4; lastKnownFileType = file.xib; path = JYRightUsersCell.xib; sourceTree = "<group>"; };
		8497F98C1CA7FD4C002AD93F /* JYMainController.h */ = {isa = PBXFileReference; fileEncoding = 4; lastKnownFileType = sourcecode.c.h; path = JYMainController.h; sourceTree = "<group>"; };
		8497F98D1CA7FD4C002AD93F /* JYMainController.m */ = {isa = PBXFileReference; fileEncoding = 4; lastKnownFileType = sourcecode.c.objc; path = JYMainController.m; sourceTree = "<group>"; };
		8497F98F1CA7FD90002AD93F /* JYEsenceController.h */ = {isa = PBXFileReference; fileEncoding = 4; lastKnownFileType = sourcecode.c.h; path = JYEsenceController.h; sourceTree = "<group>"; };
		8497F9901CA7FD90002AD93F /* JYEsenceController.m */ = {isa = PBXFileReference; fileEncoding = 4; lastKnownFileType = sourcecode.c.objc; path = JYEsenceController.m; sourceTree = "<group>"; };
		8497F9921CA7FDB6002AD93F /* JYFriendController.h */ = {isa = PBXFileReference; fileEncoding = 4; lastKnownFileType = sourcecode.c.h; path = JYFriendController.h; sourceTree = "<group>"; };
		8497F9931CA7FDB6002AD93F /* JYFriendController.m */ = {isa = PBXFileReference; fileEncoding = 4; lastKnownFileType = sourcecode.c.objc; path = JYFriendController.m; sourceTree = "<group>"; };
		8497F9951CA7FDC4002AD93F /* JYMeController.h */ = {isa = PBXFileReference; fileEncoding = 4; lastKnownFileType = sourcecode.c.h; path = JYMeController.h; sourceTree = "<group>"; };
		8497F9961CA7FDC4002AD93F /* JYMeController.m */ = {isa = PBXFileReference; fileEncoding = 4; lastKnownFileType = sourcecode.c.objc; path = JYMeController.m; sourceTree = "<group>"; };
		8497F9981CA7FDD1002AD93F /* JYNewController.h */ = {isa = PBXFileReference; fileEncoding = 4; lastKnownFileType = sourcecode.c.h; path = JYNewController.h; sourceTree = "<group>"; };
		8497F9991CA7FDD1002AD93F /* JYNewController.m */ = {isa = PBXFileReference; fileEncoding = 4; lastKnownFileType = sourcecode.c.objc; path = JYNewController.m; sourceTree = "<group>"; };
		8497F99B1CA7FE2B002AD93F /* JYTabBar.h */ = {isa = PBXFileReference; fileEncoding = 4; lastKnownFileType = sourcecode.c.h; path = JYTabBar.h; sourceTree = "<group>"; };
		8497F99C1CA7FE2B002AD93F /* JYTabBar.m */ = {isa = PBXFileReference; fileEncoding = 4; lastKnownFileType = sourcecode.c.objc; path = JYTabBar.m; sourceTree = "<group>"; };
		8497F99E1CA7FF1E002AD93F /* JYNavigationController.h */ = {isa = PBXFileReference; fileEncoding = 4; lastKnownFileType = sourcecode.c.h; path = JYNavigationController.h; sourceTree = "<group>"; };
		8497F99F1CA7FF1E002AD93F /* JYNavigationController.m */ = {isa = PBXFileReference; fileEncoding = 4; lastKnownFileType = sourcecode.c.objc; path = JYNavigationController.m; sourceTree = "<group>"; };
		8497F9A11CA80AC5002AD93F /* UIView+JYExtension.h */ = {isa = PBXFileReference; fileEncoding = 4; lastKnownFileType = sourcecode.c.h; path = "UIView+JYExtension.h"; sourceTree = "<group>"; };
		8497F9A21CA80AC5002AD93F /* UIView+JYExtension.m */ = {isa = PBXFileReference; fileEncoding = 4; lastKnownFileType = sourcecode.c.objc; path = "UIView+JYExtension.m"; sourceTree = "<group>"; };
		8497F9A41CA80B89002AD93F /* PrefixHeader.pch */ = {isa = PBXFileReference; lastKnownFileType = sourcecode.c.h; path = PrefixHeader.pch; sourceTree = "<group>"; };
		8497F9A51CA80E9B002AD93F /* UIBarButtonItem+JYExtension.h */ = {isa = PBXFileReference; fileEncoding = 4; lastKnownFileType = sourcecode.c.h; path = "UIBarButtonItem+JYExtension.h"; sourceTree = "<group>"; };
		8497F9A61CA80E9B002AD93F /* UIBarButtonItem+JYExtension.m */ = {isa = PBXFileReference; fileEncoding = 4; lastKnownFileType = sourcecode.c.objc; path = "UIBarButtonItem+JYExtension.m"; sourceTree = "<group>"; };
		8497F9A81CA8187B002AD93F /* JYFriendController.xib */ = {isa = PBXFileReference; fileEncoding = 4; lastKnownFileType = file.xib; path = JYFriendController.xib; sourceTree = "<group>"; };
		849B68671CB7FCE70054AF2F /* JYAttentionController.xib */ = {isa = PBXFileReference; fileEncoding = 4; lastKnownFileType = file.xib; path = JYAttentionController.xib; sourceTree = "<group>"; };
		849B68691CB7FE330054AF2F /* JYLeftCatrogry.h */ = {isa = PBXFileReference; fileEncoding = 4; lastKnownFileType = sourcecode.c.h; path = JYLeftCatrogry.h; sourceTree = "<group>"; };
		849B686A1CB7FE330054AF2F /* JYLeftCatrogry.m */ = {isa = PBXFileReference; fileEncoding = 4; lastKnownFileType = sourcecode.c.objc; path = JYLeftCatrogry.m; sourceTree = "<group>"; };
		849B686C1CB7FFF70054AF2F /* JYAttentionCategoryCell.h */ = {isa = PBXFileReference; fileEncoding = 4; lastKnownFileType = sourcecode.c.h; path = JYAttentionCategoryCell.h; sourceTree = "<group>"; };
		849B686D1CB7FFF70054AF2F /* JYAttentionCategoryCell.m */ = {isa = PBXFileReference; fileEncoding = 4; lastKnownFileType = sourcecode.c.objc; path = JYAttentionCategoryCell.m; sourceTree = "<group>"; };
		849B686E1CB7FFF70054AF2F /* JYAttentionCategoryCell.xib */ = {isa = PBXFileReference; fileEncoding = 4; lastKnownFileType = file.xib; path = JYAttentionCategoryCell.xib; sourceTree = "<group>"; };
		849ECE141CB55DEB00A71158 /* JYAttentionController.h */ = {isa = PBXFileReference; fileEncoding = 4; lastKnownFileType = sourcecode.c.h; path = JYAttentionController.h; sourceTree = "<group>"; };
		EDF5D3E9A55653502A064F54 /* Pods-SeptBaisi.release.xcconfig */ = {isa = PBXFileReference; includeInIndex = 1; lastKnownFileType = text.xcconfig; name = "Pods-SeptBaisi.release.xcconfig"; path = "Pods/Target Support Files/Pods-SeptBaisi/Pods-SeptBaisi.release.xcconfig"; sourceTree = "<group>"; };
/* End PBXFileReference section */

/* Begin PBXFrameworksBuildPhase section */
		846567FC1CA581C600C61CFA /* Frameworks */ = {
			isa = PBXFrameworksBuildPhase;
			buildActionMask = 2147483647;
			files = (
				1E91343512F50E8D6CFB2512 /* libPods-SeptBaisi.a in Frameworks */,
			);
			runOnlyForDeploymentPostprocessing = 0;
		};
		846568151CA581C600C61CFA /* Frameworks */ = {
			isa = PBXFrameworksBuildPhase;
			buildActionMask = 2147483647;
			files = (
			);
			runOnlyForDeploymentPostprocessing = 0;
		};
		846568201CA581C600C61CFA /* Frameworks */ = {
			isa = PBXFrameworksBuildPhase;
			buildActionMask = 2147483647;
			files = (
			);
			runOnlyForDeploymentPostprocessing = 0;
		};
/* End PBXFrameworksBuildPhase section */

/* Begin PBXGroup section */
		846567F61CA581C600C61CFA = {
			isa = PBXGroup;
			children = (
				846568011CA581C600C61CFA /* SeptBaisi */,
				8465681B1CA581C600C61CFA /* SeptBaisiTests */,
				846568261CA581C600C61CFA /* SeptBaisiUITests */,
				846568001CA581C600C61CFA /* Products */,
				B80250EA9CF3124E13D6BE46 /* Pods */,
				DEA49122C782392D6E1FA6CF /* Frameworks */,
			);
			sourceTree = "<group>";
		};
		846568001CA581C600C61CFA /* Products */ = {
			isa = PBXGroup;
			children = (
				846567FF1CA581C600C61CFA /* SeptBaisi.app */,
				846568181CA581C600C61CFA /* SeptBaisiTests.xctest */,
				846568231CA581C600C61CFA /* SeptBaisiUITests.xctest */,
			);
			name = Products;
			sourceTree = "<group>";
		};
		846568011CA581C600C61CFA /* SeptBaisi */ = {
			isa = PBXGroup;
			children = (
				846568351CA582C100C61CFA /* Classes */,
				8497F9801CA7FCBD002AD93F /* Other */,
				846568021CA581C600C61CFA /* Supporting Files */,
			);
			path = SeptBaisi;
			sourceTree = "<group>";
		};
		846568021CA581C600C61CFA /* Supporting Files */ = {
			isa = PBXGroup;
			children = (
				846568051CA581C600C61CFA /* AppDelegate.h */,
				846568061CA581C600C61CFA /* AppDelegate.m */,
				8465680E1CA581C600C61CFA /* Assets.xcassets */,
				846568131CA581C600C61CFA /* Info.plist */,
				846568031CA581C600C61CFA /* main.m */,
				8497F9A41CA80B89002AD93F /* PrefixHeader.pch */,
			);
			name = "Supporting Files";
			sourceTree = "<group>";
		};
		8465681B1CA581C600C61CFA /* SeptBaisiTests */ = {
			isa = PBXGroup;
			children = (
				8465681C1CA581C600C61CFA /* SeptBaisiTests.m */,
				8465681E1CA581C600C61CFA /* Info.plist */,
			);
			path = SeptBaisiTests;
			sourceTree = "<group>";
		};
		846568261CA581C600C61CFA /* SeptBaisiUITests */ = {
			isa = PBXGroup;
			children = (
				846568271CA581C600C61CFA /* SeptBaisiUITests.m */,
				846568291CA581C600C61CFA /* Info.plist */,
			);
			path = SeptBaisiUITests;
			sourceTree = "<group>";
		};
		846568351CA582C100C61CFA /* Classes */ = {
			isa = PBXGroup;
			children = (
				8497F9871CA7FD0E002AD93F /* Main */,
				846568361CA582C100C61CFA /* Eseence-精华 */,
				8465683A1CA582C100C61CFA /* FriendTreads-关注 */,
				8465683E1CA582C100C61CFA /* Me-我 */,
				846568421CA582C100C61CFA /* New-新帖 */,
			);
			path = Classes;
			sourceTree = "<group>";
		};
		846568361CA582C100C61CFA /* Eseence-精华 */ = {
			isa = PBXGroup;
			children = (
				846568371CA582C100C61CFA /* Controller */,
				846568381CA582C100C61CFA /* Model */,
				846568391CA582C100C61CFA /* View */,
			);
			name = "Eseence-精华";
			path = Eseence;
			sourceTree = "<group>";
		};
		846568371CA582C100C61CFA /* Controller */ = {
			isa = PBXGroup;
			children = (
				8497F98F1CA7FD90002AD93F /* JYEsenceController.h */,
				8497F9901CA7FD90002AD93F /* JYEsenceController.m */,
			);
			path = Controller;
			sourceTree = "<group>";
		};
		846568381CA582C100C61CFA /* Model */ = {
			isa = PBXGroup;
			children = (
			);
			path = Model;
			sourceTree = "<group>";
		};
		846568391CA582C100C61CFA /* View */ = {
			isa = PBXGroup;
			children = (
			);
			path = View;
			sourceTree = "<group>";
		};
		8465683A1CA582C100C61CFA /* FriendTreads-关注 */ = {
			isa = PBXGroup;
			children = (
				8465683B1CA582C100C61CFA /* Controller */,
				8465683C1CA582C100C61CFA /* Model */,
				8465683D1CA582C100C61CFA /* View */,
			);
			name = "FriendTreads-关注";
			path = FriendTreads;
			sourceTree = "<group>";
		};
		8465683B1CA582C100C61CFA /* Controller */ = {
			isa = PBXGroup;
			children = (
				8497F9921CA7FDB6002AD93F /* JYFriendController.h */,
				8497F9931CA7FDB6002AD93F /* JYFriendController.m */,
				8497F9A81CA8187B002AD93F /* JYFriendController.xib */,
				849ECE141CB55DEB00A71158 /* JYAttentionController.h */,
				847654AF1D1986D900987D53 /* JYAttentionController.m */,
				849B68671CB7FCE70054AF2F /* JYAttentionController.xib */,
			);
			path = Controller;
			sourceTree = "<group>";
		};
		8465683C1CA582C100C61CFA /* Model */ = {
			isa = PBXGroup;
			children = (
				849B68691CB7FE330054AF2F /* JYLeftCatrogry.h */,
				849B686A1CB7FE330054AF2F /* JYLeftCatrogry.m */,
				8495589F1D2002C9002252B0 /* JYRecommendUsers.h */,
				849558A01D2002C9002252B0 /* JYRecommendUsers.m */,
			);
			path = Model;
			sourceTree = "<group>";
		};
		8465683D1CA582C100C61CFA /* View */ = {
			isa = PBXGroup;
			children = (
				849B686C1CB7FFF70054AF2F /* JYAttentionCategoryCell.h */,
				849B686D1CB7FFF70054AF2F /* JYAttentionCategoryCell.m */,
				849B686E1CB7FFF70054AF2F /* JYAttentionCategoryCell.xib */,
				849558A81D20040F002252B0 /* JYRightUsersCell.h */,
				849558A91D20040F002252B0 /* JYRightUsersCell.m */,
				849558AA1D20040F002252B0 /* JYRightUsersCell.xib */,
			);
			path = View;
			sourceTree = "<group>";
		};
		8465683E1CA582C100C61CFA /* Me-我 */ = {
			isa = PBXGroup;
			children = (
				8465683F1CA582C100C61CFA /* Controller */,
				846568401CA582C100C61CFA /* Model */,
				846568411CA582C100C61CFA /* View */,
				8497F9951CA7FDC4002AD93F /* JYMeController.h */,
				8497F9961CA7FDC4002AD93F /* JYMeController.m */,
			);
			name = "Me-我";
			path = Me;
			sourceTree = "<group>";
		};
		8465683F1CA582C100C61CFA /* Controller */ = {
			isa = PBXGroup;
			children = (
			);
			path = Controller;
			sourceTree = "<group>";
		};
		846568401CA582C100C61CFA /* Model */ = {
			isa = PBXGroup;
			children = (
			);
			path = Model;
			sourceTree = "<group>";
		};
		846568411CA582C100C61CFA /* View */ = {
			isa = PBXGroup;
			children = (
			);
			path = View;
			sourceTree = "<group>";
		};
		846568421CA582C100C61CFA /* New-新帖 */ = {
			isa = PBXGroup;
			children = (
				846568431CA582C100C61CFA /* Controller */,
				846568441CA582C100C61CFA /* Model */,
				846568451CA582C100C61CFA /* View */,
				8497F9981CA7FDD1002AD93F /* JYNewController.h */,
				8497F9991CA7FDD1002AD93F /* JYNewController.m */,
			);
			name = "New-新帖";
			path = New;
			sourceTree = "<group>";
		};
		846568431CA582C100C61CFA /* Controller */ = {
			isa = PBXGroup;
			children = (
			);
			path = Controller;
			sourceTree = "<group>";
		};
		846568441CA582C100C61CFA /* Model */ = {
			isa = PBXGroup;
			children = (
			);
			path = Model;
			sourceTree = "<group>";
		};
		846568451CA582C100C61CFA /* View */ = {
			isa = PBXGroup;
			children = (
			);
			path = View;
			sourceTree = "<group>";
		};
		847FD59A1D42676600AFF8ED /* Login */ = {
			isa = PBXGroup;
			children = (
				847FD59B1D4267DC00AFF8ED /* JYLoginController.h */,
				847FD59C1D4267DC00AFF8ED /* JYLoginController.m */,
				847FD59D1D4267DC00AFF8ED /* JYLoginController.xib */,
			);
			path = Login;
			sourceTree = "<group>";
		};
		8497F9801CA7FCBD002AD93F /* Other */ = {
			isa = PBXGroup;
			children = (
				8497F9811CA7FCBD002AD93F /* Category */,
				8497F9821CA7FCBD002AD93F /* Controller */,
				8497F9831CA7FCBD002AD93F /* Model */,
				8497F9841CA7FCBD002AD93F /* View */,
			);
			path = Other;
			sourceTree = "<group>";
		};
		8497F9811CA7FCBD002AD93F /* Category */ = {
			isa = PBXGroup;
			children = (
			);
			path = Category;
			sourceTree = "<group>";
		};
		8497F9821CA7FCBD002AD93F /* Controller */ = {
			isa = PBXGroup;
			children = (
			);
			path = Controller;
			sourceTree = "<group>";
		};
		8497F9831CA7FCBD002AD93F /* Model */ = {
			isa = PBXGroup;
			children = (
			);
			path = Model;
			sourceTree = "<group>";
		};
		8497F9841CA7FCBD002AD93F /* View */ = {
			isa = PBXGroup;
			children = (
			);
			path = View;
			sourceTree = "<group>";
		};
		8497F9871CA7FD0E002AD93F /* Main */ = {
			isa = PBXGroup;
			children = (
				847FD59A1D42676600AFF8ED /* Login */,
				8497F9881CA7FD0E002AD93F /* Category */,
				8497F9891CA7FD0E002AD93F /* Controller */,
				8497F98A1CA7FD0E002AD93F /* Tool */,
				8497F98B1CA7FD0E002AD93F /* View */,
			);
			path = Main;
			sourceTree = "<group>";
		};
		8497F9881CA7FD0E002AD93F /* Category */ = {
			isa = PBXGroup;
			children = (
				8497F9A11CA80AC5002AD93F /* UIView+JYExtension.h */,
				8497F9A21CA80AC5002AD93F /* UIView+JYExtension.m */,
				8497F9A51CA80E9B002AD93F /* UIBarButtonItem+JYExtension.h */,
				8497F9A61CA80E9B002AD93F /* UIBarButtonItem+JYExtension.m */,
			);
			path = Category;
			sourceTree = "<group>";
		};
		8497F9891CA7FD0E002AD93F /* Controller */ = {
			isa = PBXGroup;
			children = (
				8497F98C1CA7FD4C002AD93F /* JYMainController.h */,
				8497F98D1CA7FD4C002AD93F /* JYMainController.m */,
				8497F99E1CA7FF1E002AD93F /* JYNavigationController.h */,
				8497F99F1CA7FF1E002AD93F /* JYNavigationController.m */,
			);
			path = Controller;
			sourceTree = "<group>";
		};
		8497F98A1CA7FD0E002AD93F /* Tool */ = {
			isa = PBXGroup;
			children = (
			);
			path = Tool;
			sourceTree = "<group>";
		};
		8497F98B1CA7FD0E002AD93F /* View */ = {
			isa = PBXGroup;
			children = (
				8497F99B1CA7FE2B002AD93F /* JYTabBar.h */,
				8497F99C1CA7FE2B002AD93F /* JYTabBar.m */,
			);
			path = View;
			sourceTree = "<group>";
		};
		B80250EA9CF3124E13D6BE46 /* Pods */ = {
			isa = PBXGroup;
			children = (
				2465E76674CF6F1BC026F2BA /* Pods-SeptBaisi.debug.xcconfig */,
				EDF5D3E9A55653502A064F54 /* Pods-SeptBaisi.release.xcconfig */,
			);
			name = Pods;
			sourceTree = "<group>";
		};
		DEA49122C782392D6E1FA6CF /* Frameworks */ = {
			isa = PBXGroup;
			children = (
				1F7C50380F2859661CA14C18 /* libPods-SeptBaisi.a */,
			);
			name = Frameworks;
			sourceTree = "<group>";
		};
/* End PBXGroup section */

/* Begin PBXNativeTarget section */
		846567FE1CA581C600C61CFA /* SeptBaisi */ = {
			isa = PBXNativeTarget;
			buildConfigurationList = 8465682C1CA581C600C61CFA /* Build configuration list for PBXNativeTarget "SeptBaisi" */;
			buildPhases = (
				71AE43ABFCDAB000BF17DFEE /* Check Pods Manifest.lock */,
				846567FB1CA581C600C61CFA /* Sources */,
				846567FC1CA581C600C61CFA /* Frameworks */,
				846567FD1CA581C600C61CFA /* Resources */,
				3891A56423D6DDE40E2336FC /* Copy Pods Resources */,
			);
			buildRules = (
			);
			dependencies = (
			);
			name = SeptBaisi;
			productName = SeptBaisi;
			productReference = 846567FF1CA581C600C61CFA /* SeptBaisi.app */;
			productType = "com.apple.product-type.application";
		};
		846568171CA581C600C61CFA /* SeptBaisiTests */ = {
			isa = PBXNativeTarget;
			buildConfigurationList = 8465682F1CA581C600C61CFA /* Build configuration list for PBXNativeTarget "SeptBaisiTests" */;
			buildPhases = (
				846568141CA581C600C61CFA /* Sources */,
				846568151CA581C600C61CFA /* Frameworks */,
				846568161CA581C600C61CFA /* Resources */,
			);
			buildRules = (
			);
			dependencies = (
				8465681A1CA581C600C61CFA /* PBXTargetDependency */,
			);
			name = SeptBaisiTests;
			productName = SeptBaisiTests;
			productReference = 846568181CA581C600C61CFA /* SeptBaisiTests.xctest */;
			productType = "com.apple.product-type.bundle.unit-test";
		};
		846568221CA581C600C61CFA /* SeptBaisiUITests */ = {
			isa = PBXNativeTarget;
			buildConfigurationList = 846568321CA581C600C61CFA /* Build configuration list for PBXNativeTarget "SeptBaisiUITests" */;
			buildPhases = (
				8465681F1CA581C600C61CFA /* Sources */,
				846568201CA581C600C61CFA /* Frameworks */,
				846568211CA581C600C61CFA /* Resources */,
			);
			buildRules = (
			);
			dependencies = (
				846568251CA581C600C61CFA /* PBXTargetDependency */,
			);
			name = SeptBaisiUITests;
			productName = SeptBaisiUITests;
			productReference = 846568231CA581C600C61CFA /* SeptBaisiUITests.xctest */;
			productType = "com.apple.product-type.bundle.ui-testing";
		};
/* End PBXNativeTarget section */

/* Begin PBXProject section */
		846567F71CA581C600C61CFA /* Project object */ = {
			isa = PBXProject;
			attributes = {
				LastUpgradeCheck = 0710;
				ORGANIZATIONNAME = Sept;
				TargetAttributes = {
					846567FE1CA581C600C61CFA = {
						CreatedOnToolsVersion = 7.1;
					};
					846568171CA581C600C61CFA = {
						CreatedOnToolsVersion = 7.1;
						TestTargetID = 846567FE1CA581C600C61CFA;
					};
					846568221CA581C600C61CFA = {
						CreatedOnToolsVersion = 7.1;
						TestTargetID = 846567FE1CA581C600C61CFA;
					};
				};
			};
			buildConfigurationList = 846567FA1CA581C600C61CFA /* Build configuration list for PBXProject "SeptBaisi" */;
			compatibilityVersion = "Xcode 3.2";
			developmentRegion = English;
			hasScannedForEncodings = 0;
			knownRegions = (
				en,
				Base,
			);
			mainGroup = 846567F61CA581C600C61CFA;
			productRefGroup = 846568001CA581C600C61CFA /* Products */;
			projectDirPath = "";
			projectRoot = "";
			targets = (
				846567FE1CA581C600C61CFA /* SeptBaisi */,
				846568171CA581C600C61CFA /* SeptBaisiTests */,
				846568221CA581C600C61CFA /* SeptBaisiUITests */,
			);
		};
/* End PBXProject section */

/* Begin PBXResourcesBuildPhase section */
		846567FD1CA581C600C61CFA /* Resources */ = {
			isa = PBXResourcesBuildPhase;
			buildActionMask = 2147483647;
			files = (
				849B68681CB7FCE70054AF2F /* JYAttentionController.xib in Resources */,
				8497F9A91CA8187B002AD93F /* JYFriendController.xib in Resources */,
				849558AC1D20040F002252B0 /* JYRightUsersCell.xib in Resources */,
				8465680F1CA581C600C61CFA /* Assets.xcassets in Resources */,
				847FD59F1D4267DC00AFF8ED /* JYLoginController.xib in Resources */,
				849B68701CB7FFF70054AF2F /* JYAttentionCategoryCell.xib in Resources */,
			);
			runOnlyForDeploymentPostprocessing = 0;
		};
		846568161CA581C600C61CFA /* Resources */ = {
			isa = PBXResourcesBuildPhase;
			buildActionMask = 2147483647;
			files = (
			);
			runOnlyForDeploymentPostprocessing = 0;
		};
		846568211CA581C600C61CFA /* Resources */ = {
			isa = PBXResourcesBuildPhase;
			buildActionMask = 2147483647;
			files = (
			);
			runOnlyForDeploymentPostprocessing = 0;
		};
/* End PBXResourcesBuildPhase section */

/* Begin PBXShellScriptBuildPhase section */
		3891A56423D6DDE40E2336FC /* Copy Pods Resources */ = {
			isa = PBXShellScriptBuildPhase;
			buildActionMask = 2147483647;
			files = (
			);
			inputPaths = (
			);
			name = "Copy Pods Resources";
			outputPaths = (
			);
			runOnlyForDeploymentPostprocessing = 0;
			shellPath = /bin/sh;
			shellScript = "\"${SRCROOT}/Pods/Target Support Files/Pods-SeptBaisi/Pods-SeptBaisi-resources.sh\"\n";
			showEnvVarsInLog = 0;
		};
		71AE43ABFCDAB000BF17DFEE /* Check Pods Manifest.lock */ = {
			isa = PBXShellScriptBuildPhase;
			buildActionMask = 2147483647;
			files = (
			);
			inputPaths = (
			);
			name = "Check Pods Manifest.lock";
			outputPaths = (
			);
			runOnlyForDeploymentPostprocessing = 0;
			shellPath = /bin/sh;
			shellScript = "diff \"${PODS_ROOT}/../Podfile.lock\" \"${PODS_ROOT}/Manifest.lock\" > /dev/null\nif [[ $? != 0 ]] ; then\n    cat << EOM\nerror: The sandbox is not in sync with the Podfile.lock. Run 'pod install' or update your CocoaPods installation.\nEOM\n    exit 1\nfi\n";
			showEnvVarsInLog = 0;
		};
/* End PBXShellScriptBuildPhase section */

/* Begin PBXSourcesBuildPhase section */
		846567FB1CA581C600C61CFA /* Sources */ = {
			isa = PBXSourcesBuildPhase;
			buildActionMask = 2147483647;
			files = (
				849558AB1D20040F002252B0 /* JYRightUsersCell.m in Sources */,
				8497F9A01CA7FF1E002AD93F /* JYNavigationController.m in Sources */,
				846568071CA581C600C61CFA /* AppDelegate.m in Sources */,
				8497F9911CA7FD90002AD93F /* JYEsenceController.m in Sources */,
				847654B01D1986D900987D53 /* JYAttentionController.m in Sources */,
				849B686B1CB7FE330054AF2F /* JYLeftCatrogry.m in Sources */,
				8497F9A71CA80E9B002AD93F /* UIBarButtonItem+JYExtension.m in Sources */,
				849558A11D2002C9002252B0 /* JYRecommendUsers.m in Sources */,
				847FD59E1D4267DC00AFF8ED /* JYLoginController.m in Sources */,
				8497F9971CA7FDC4002AD93F /* JYMeController.m in Sources */,
				8497F9941CA7FDB6002AD93F /* JYFriendController.m in Sources */,
				849B686F1CB7FFF70054AF2F /* JYAttentionCategoryCell.m in Sources */,
				8497F9A31CA80AC5002AD93F /* UIView+JYExtension.m in Sources */,
				8497F99D1CA7FE2B002AD93F /* JYTabBar.m in Sources */,
				8497F98E1CA7FD4C002AD93F /* JYMainController.m in Sources */,
				8497F99A1CA7FDD1002AD93F /* JYNewController.m in Sources */,
				846568041CA581C600C61CFA /* main.m in Sources */,
			);
			runOnlyForDeploymentPostprocessing = 0;
		};
		846568141CA581C600C61CFA /* Sources */ = {
			isa = PBXSourcesBuildPhase;
			buildActionMask = 2147483647;
			files = (
				8465681D1CA581C600C61CFA /* SeptBaisiTests.m in Sources */,
			);
			runOnlyForDeploymentPostprocessing = 0;
		};
		8465681F1CA581C600C61CFA /* Sources */ = {
			isa = PBXSourcesBuildPhase;
			buildActionMask = 2147483647;
			files = (
				846568281CA581C600C61CFA /* SeptBaisiUITests.m in Sources */,
			);
			runOnlyForDeploymentPostprocessing = 0;
		};
/* End PBXSourcesBuildPhase section */

/* Begin PBXTargetDependency section */
		8465681A1CA581C600C61CFA /* PBXTargetDependency */ = {
			isa = PBXTargetDependency;
			target = 846567FE1CA581C600C61CFA /* SeptBaisi */;
			targetProxy = 846568191CA581C600C61CFA /* PBXContainerItemProxy */;
		};
		846568251CA581C600C61CFA /* PBXTargetDependency */ = {
			isa = PBXTargetDependency;
			target = 846567FE1CA581C600C61CFA /* SeptBaisi */;
			targetProxy = 846568241CA581C600C61CFA /* PBXContainerItemProxy */;
		};
/* End PBXTargetDependency section */

/* Begin XCBuildConfiguration section */
		8465682A1CA581C600C61CFA /* Debug */ = {
			isa = XCBuildConfiguration;
			buildSettings = {
				ALWAYS_SEARCH_USER_PATHS = NO;
				CLANG_CXX_LANGUAGE_STANDARD = "gnu++0x";
				CLANG_CXX_LIBRARY = "libc++";
				CLANG_ENABLE_MODULES = YES;
				CLANG_ENABLE_OBJC_ARC = YES;
				CLANG_WARN_BOOL_CONVERSION = YES;
				CLANG_WARN_CONSTANT_CONVERSION = YES;
				CLANG_WARN_DIRECT_OBJC_ISA_USAGE = YES_ERROR;
				CLANG_WARN_EMPTY_BODY = YES;
				CLANG_WARN_ENUM_CONVERSION = YES;
				CLANG_WARN_INT_CONVERSION = YES;
				CLANG_WARN_OBJC_ROOT_CLASS = YES_ERROR;
				CLANG_WARN_UNREACHABLE_CODE = YES;
				CLANG_WARN__DUPLICATE_METHOD_MATCH = YES;
				"CODE_SIGN_IDENTITY[sdk=iphoneos*]" = "iPhone Developer";
				COPY_PHASE_STRIP = NO;
				DEBUG_INFORMATION_FORMAT = dwarf;
				ENABLE_STRICT_OBJC_MSGSEND = YES;
				ENABLE_TESTABILITY = YES;
				GCC_C_LANGUAGE_STANDARD = gnu99;
				GCC_DYNAMIC_NO_PIC = NO;
				GCC_NO_COMMON_BLOCKS = YES;
				GCC_OPTIMIZATION_LEVEL = 0;
				GCC_PREPROCESSOR_DEFINITIONS = (
					"DEBUG=1",
					"$(inherited)",
				);
				GCC_WARN_64_TO_32_BIT_CONVERSION = YES;
				GCC_WARN_ABOUT_RETURN_TYPE = YES_ERROR;
				GCC_WARN_UNDECLARED_SELECTOR = YES;
				GCC_WARN_UNINITIALIZED_AUTOS = YES_AGGRESSIVE;
				GCC_WARN_UNUSED_FUNCTION = YES;
				GCC_WARN_UNUSED_VARIABLE = YES;
				IPHONEOS_DEPLOYMENT_TARGET = 9.1;
				MTL_ENABLE_DEBUG_INFO = YES;
				ONLY_ACTIVE_ARCH = YES;
				SDKROOT = iphoneos;
			};
			name = Debug;
		};
		8465682B1CA581C600C61CFA /* Release */ = {
			isa = XCBuildConfiguration;
			buildSettings = {
				ALWAYS_SEARCH_USER_PATHS = NO;
				CLANG_CXX_LANGUAGE_STANDARD = "gnu++0x";
				CLANG_CXX_LIBRARY = "libc++";
				CLANG_ENABLE_MODULES = YES;
				CLANG_ENABLE_OBJC_ARC = YES;
				CLANG_WARN_BOOL_CONVERSION = YES;
				CLANG_WARN_CONSTANT_CONVERSION = YES;
				CLANG_WARN_DIRECT_OBJC_ISA_USAGE = YES_ERROR;
				CLANG_WARN_EMPTY_BODY = YES;
				CLANG_WARN_ENUM_CONVERSION = YES;
				CLANG_WARN_INT_CONVERSION = YES;
				CLANG_WARN_OBJC_ROOT_CLASS = YES_ERROR;
				CLANG_WARN_UNREACHABLE_CODE = YES;
				CLANG_WARN__DUPLICATE_METHOD_MATCH = YES;
				"CODE_SIGN_IDENTITY[sdk=iphoneos*]" = "iPhone Developer";
				COPY_PHASE_STRIP = NO;
				DEBUG_INFORMATION_FORMAT = "dwarf-with-dsym";
				ENABLE_NS_ASSERTIONS = NO;
				ENABLE_STRICT_OBJC_MSGSEND = YES;
				GCC_C_LANGUAGE_STANDARD = gnu99;
				GCC_NO_COMMON_BLOCKS = YES;
				GCC_WARN_64_TO_32_BIT_CONVERSION = YES;
				GCC_WARN_ABOUT_RETURN_TYPE = YES_ERROR;
				GCC_WARN_UNDECLARED_SELECTOR = YES;
				GCC_WARN_UNINITIALIZED_AUTOS = YES_AGGRESSIVE;
				GCC_WARN_UNUSED_FUNCTION = YES;
				GCC_WARN_UNUSED_VARIABLE = YES;
				IPHONEOS_DEPLOYMENT_TARGET = 9.1;
				MTL_ENABLE_DEBUG_INFO = NO;
				SDKROOT = iphoneos;
				VALIDATE_PRODUCT = YES;
			};
			name = Release;
		};
		8465682D1CA581C600C61CFA /* Debug */ = {
			isa = XCBuildConfiguration;
			baseConfigurationReference = 2465E76674CF6F1BC026F2BA /* Pods-SeptBaisi.debug.xcconfig */;
			buildSettings = {
				ASSETCATALOG_COMPILER_APPICON_NAME = AppIcon;
				ASSETCATALOG_COMPILER_LAUNCHIMAGE_NAME = BrandAsset;
				GCC_PREFIX_HEADER = SeptBaisi/PrefixHeader.pch;
				INFOPLIST_FILE = SeptBaisi/Info.plist;
				LD_RUNPATH_SEARCH_PATHS = "$(inherited) @executable_path/Frameworks";
				PRODUCT_BUNDLE_IDENTIFIER = com.wrxing.sept.SeptBaisi;
				PRODUCT_NAME = "$(TARGET_NAME)";
			};
			name = Debug;
		};
		8465682E1CA581C600C61CFA /* Release */ = {
			isa = XCBuildConfiguration;
			baseConfigurationReference = EDF5D3E9A55653502A064F54 /* Pods-SeptBaisi.release.xcconfig */;
			buildSettings = {
				ASSETCATALOG_COMPILER_APPICON_NAME = AppIcon;
				ASSETCATALOG_COMPILER_LAUNCHIMAGE_NAME = BrandAsset;
				GCC_PREFIX_HEADER = SeptBaisi/PrefixHeader.pch;
				INFOPLIST_FILE = SeptBaisi/Info.plist;
				LD_RUNPATH_SEARCH_PATHS = "$(inherited) @executable_path/Frameworks";
				PRODUCT_BUNDLE_IDENTIFIER = com.wrxing.sept.SeptBaisi;
				PRODUCT_NAME = "$(TARGET_NAME)";
			};
			name = Release;
		};
		846568301CA581C600C61CFA /* Debug */ = {
			isa = XCBuildConfiguration;
			buildSettings = {
				BUNDLE_LOADER = "$(TEST_HOST)";
				INFOPLIST_FILE = SeptBaisiTests/Info.plist;
				LD_RUNPATH_SEARCH_PATHS = "$(inherited) @executable_path/Frameworks @loader_path/Frameworks";
				PRODUCT_BUNDLE_IDENTIFIER = com.wrxing.sept.SeptBaisiTests;
				PRODUCT_NAME = "$(TARGET_NAME)";
				TEST_HOST = "$(BUILT_PRODUCTS_DIR)/SeptBaisi.app/SeptBaisi";
			};
			name = Debug;
		};
		846568311CA581C600C61CFA /* Release */ = {
			isa = XCBuildConfiguration;
			buildSettings = {
				BUNDLE_LOADER = "$(TEST_HOST)";
				INFOPLIST_FILE = SeptBaisiTests/Info.plist;
				LD_RUNPATH_SEARCH_PATHS = "$(inherited) @executable_path/Frameworks @loader_path/Frameworks";
				PRODUCT_BUNDLE_IDENTIFIER = com.wrxing.sept.SeptBaisiTests;
				PRODUCT_NAME = "$(TARGET_NAME)";
				TEST_HOST = "$(BUILT_PRODUCTS_DIR)/SeptBaisi.app/SeptBaisi";
			};
			name = Release;
		};
		846568331CA581C600C61CFA /* Debug */ = {
			isa = XCBuildConfiguration;
			buildSettings = {
				INFOPLIST_FILE = SeptBaisiUITests/Info.plist;
				LD_RUNPATH_SEARCH_PATHS = "$(inherited) @executable_path/Frameworks @loader_path/Frameworks";
				PRODUCT_BUNDLE_IDENTIFIER = com.wrxing.sept.SeptBaisiUITests;
				PRODUCT_NAME = "$(TARGET_NAME)";
				TEST_TARGET_NAME = SeptBaisi;
				USES_XCTRUNNER = YES;
			};
			name = Debug;
		};
		846568341CA581C600C61CFA /* Release */ = {
			isa = XCBuildConfiguration;
			buildSettings = {
				INFOPLIST_FILE = SeptBaisiUITests/Info.plist;
				LD_RUNPATH_SEARCH_PATHS = "$(inherited) @executable_path/Frameworks @loader_path/Frameworks";
				PRODUCT_BUNDLE_IDENTIFIER = com.wrxing.sept.SeptBaisiUITests;
				PRODUCT_NAME = "$(TARGET_NAME)";
				TEST_TARGET_NAME = SeptBaisi;
				USES_XCTRUNNER = YES;
			};
			name = Release;
		};
/* End XCBuildConfiguration section */

/* Begin XCConfigurationList section */
		846567FA1CA581C600C61CFA /* Build configuration list for PBXProject "SeptBaisi" */ = {
			isa = XCConfigurationList;
			buildConfigurations = (
				8465682A1CA581C600C61CFA /* Debug */,
				8465682B1CA581C600C61CFA /* Release */,
			);
			defaultConfigurationIsVisible = 0;
			defaultConfigurationName = Release;
		};
		8465682C1CA581C600C61CFA /* Build configuration list for PBXNativeTarget "SeptBaisi" */ = {
			isa = XCConfigurationList;
			buildConfigurations = (
				8465682D1CA581C600C61CFA /* Debug */,
				8465682E1CA581C600C61CFA /* Release */,
			);
			defaultConfigurationIsVisible = 0;
			defaultConfigurationName = Release;
		};
		8465682F1CA581C600C61CFA /* Build configuration list for PBXNativeTarget "SeptBaisiTests" */ = {
			isa = XCConfigurationList;
			buildConfigurations = (
				846568301CA581C600C61CFA /* Debug */,
				846568311CA581C600C61CFA /* Release */,
			);
			defaultConfigurationIsVisible = 0;
			defaultConfigurationName = Release;
		};
		846568321CA581C600C61CFA /* Build configuration list for PBXNativeTarget "SeptBaisiUITests" */ = {
			isa = XCConfigurationList;
			buildConfigurations = (
				846568331CA581C600C61CFA /* Debug */,
				846568341CA581C600C61CFA /* Release */,
			);
			defaultConfigurationIsVisible = 0;
			defaultConfigurationName = Release;
		};
/* End XCConfigurationList section */
	};
	rootObject = 846567F71CA581C600C61CFA /* Project object */;
}
